
Microsoft Visual Studio Solution File, Format Version 12.00
# Visual Studio Version 16
VisualStudioVersion = 16.0.31729.503
MinimumVisualStudioVersion = 10.0.40219.1
Project("{FAE04EC0-301F-11D3-BF4B-00C04F79EFBC}") = "PageObjects", "PageObjects\PageObjects.csproj", "{58E48C35-6B38-4D3B-8378-DB840AA37F41}"
EndProject
Project("{FAE04EC0-301F-11D3-BF4B-00C04F79EFBC}") = "Tests", "Tests\Tests.csproj", "{483900FA-94D9-4DF5-B2FF-E85CFDF17330}"
EndProject
Global
	GlobalSection(SolutionConfigurationPlatforms) = preSolution
		Debug|Any CPU = Debug|Any CPU
		Release|Any CPU = Release|Any CPU
	EndGlobalSection
	GlobalSection(ProjectConfigurationPlatforms) = postSolution
		{58E48C35-6B38-4D3B-8378-DB840AA37F41}.Debug|Any CPU.ActiveCfg = Debug|Any CPU
		{58E48C35-6B38-4D3B-8378-DB840AA37F41}.Debug|Any CPU.Build.0 = Debug|Any CPU
		{58E48C35-6B38-4D3B-8378-DB840AA37F41}.Release|Any CPU.ActiveCfg = Release|Any CPU
		{58E48C35-6B38-4D3B-8378-DB840AA37F41}.Release|Any CPU.Build.0 = Release|Any CPU
		{483900FA-94D9-4DF5-B2FF-E85CFDF17330}.Debug|Any CPU.ActiveCfg = Debug|Any CPU
		{483900FA-94D9-4DF5-B2FF-E85CFDF17330}.Debug|Any CPU.Build.0 = Debug|Any CPU
		{483900FA-94D9-4DF5-B2FF-E85CFDF17330}.Release|Any CPU.ActiveCfg = Release|Any CPU
		{483900FA-94D9-4DF5-B2FF-E85CFDF17330}.Release|Any CPU.Build.0 = Release|Any CPU
	EndGlobalSection
	GlobalSection(SolutionProperties) = preSolution
		HideSolutionNode = FALSE
	EndGlobalSection
	GlobalSection(ExtensibilityGlobals) = postSolution
		SolutionGuid = {B410E5C9-58FB-4C99-B0AB-07F383B92A4F}
	EndGlobalSection
EndGlobal
